
Microsoft Visual Studio Solution File, Format Version 12.00
# Visual Studio Version 16
VisualStudioVersion = 16.0.31005.135
MinimumVisualStudioVersion = 10.0.40219.1
Project("{FAE04EC0-301F-11D3-BF4B-00C04F79EFBC}") = "ArquitecturaMercansoft", "ArquitecturaMercansoft\ArquitecturaMercansoft.csproj", "{CC71DF4F-0202-4F68-977A-485C040F618E}"
EndProject
Project("{FAE04EC0-301F-11D3-BF4B-00C04F79EFBC}") = "Business", "Business\Business.csproj", "{10DC5DEC-5643-4FEE-89D5-47793D79BB6D}"
EndProject
Project("{2150E333-8FDC-42A3-9474-1A3956D46DE8}") = "Microservicio1", "Microservicio1", "{68F5BDD0-46D1-4EE5-BF7F-3B7EEFE56709}"
EndProject
Project("{2150E333-8FDC-42A3-9474-1A3956D46DE8}") = "Microservicio2", "Microservicio2", "{E4EB0BC3-342F-4FC7-A645-C44E90B134C7}"
EndProject
Project("{FAE04EC0-301F-11D3-BF4B-00C04F79EFBC}") = "Microservicioprueba2", "Microservicioprueba2\Microservicioprueba2.csproj", "{995411E9-42F2-46C9-99D4-E2C00E6C2D9C}"
EndProject
Project("{FAE04EC0-301F-11D3-BF4B-00C04F79EFBC}") = "DataAccess", "DataAccess\DataAccess.csproj", "{7F2E6165-8ED9-4CB7-A78E-CDEBB6AD0F6A}"
EndProject
Project("{FAE04EC0-301F-11D3-BF4B-00C04F79EFBC}") = "Parameters", "Parameters\Parameters.csproj", "{BB009C9C-C4E5-468E-B275-A2DDB81EBE03}"
EndProject
Global
	GlobalSection(SolutionConfigurationPlatforms) = preSolution
		Debug|Any CPU = Debug|Any CPU
		Release|Any CPU = Release|Any CPU
	EndGlobalSection
	GlobalSection(ProjectConfigurationPlatforms) = postSolution
		{CC71DF4F-0202-4F68-977A-485C040F618E}.Debug|Any CPU.ActiveCfg = Debug|Any CPU
		{CC71DF4F-0202-4F68-977A-485C040F618E}.Debug|Any CPU.Build.0 = Debug|Any CPU
		{CC71DF4F-0202-4F68-977A-485C040F618E}.Release|Any CPU.ActiveCfg = Release|Any CPU
		{CC71DF4F-0202-4F68-977A-485C040F618E}.Release|Any CPU.Build.0 = Release|Any CPU
		{10DC5DEC-5643-4FEE-89D5-47793D79BB6D}.Debug|Any CPU.ActiveCfg = Debug|Any CPU
		{10DC5DEC-5643-4FEE-89D5-47793D79BB6D}.Debug|Any CPU.Build.0 = Debug|Any CPU
		{10DC5DEC-5643-4FEE-89D5-47793D79BB6D}.Release|Any CPU.ActiveCfg = Release|Any CPU
		{10DC5DEC-5643-4FEE-89D5-47793D79BB6D}.Release|Any CPU.Build.0 = Release|Any CPU
		{995411E9-42F2-46C9-99D4-E2C00E6C2D9C}.Debug|Any CPU.ActiveCfg = Debug|Any CPU
		{995411E9-42F2-46C9-99D4-E2C00E6C2D9C}.Debug|Any CPU.Build.0 = Debug|Any CPU
		{995411E9-42F2-46C9-99D4-E2C00E6C2D9C}.Release|Any CPU.ActiveCfg = Release|Any CPU
		{995411E9-42F2-46C9-99D4-E2C00E6C2D9C}.Release|Any CPU.Build.0 = Release|Any CPU
		{7F2E6165-8ED9-4CB7-A78E-CDEBB6AD0F6A}.Debug|Any CPU.ActiveCfg = Debug|Any CPU
		{7F2E6165-8ED9-4CB7-A78E-CDEBB6AD0F6A}.Debug|Any CPU.Build.0 = Debug|Any CPU
		{7F2E6165-8ED9-4CB7-A78E-CDEBB6AD0F6A}.Release|Any CPU.ActiveCfg = Release|Any CPU
		{7F2E6165-8ED9-4CB7-A78E-CDEBB6AD0F6A}.Release|Any CPU.Build.0 = Release|Any CPU
		{BB009C9C-C4E5-468E-B275-A2DDB81EBE03}.Debug|Any CPU.ActiveCfg = Debug|Any CPU
		{BB009C9C-C4E5-468E-B275-A2DDB81EBE03}.Debug|Any CPU.Build.0 = Debug|Any CPU
		{BB009C9C-C4E5-468E-B275-A2DDB81EBE03}.Release|Any CPU.ActiveCfg = Release|Any CPU
		{BB009C9C-C4E5-468E-B275-A2DDB81EBE03}.Release|Any CPU.Build.0 = Release|Any CPU
	EndGlobalSection
	GlobalSection(SolutionProperties) = preSolution
		HideSolutionNode = FALSE
	EndGlobalSection
	GlobalSection(NestedProjects) = preSolution
		{CC71DF4F-0202-4F68-977A-485C040F618E} = {68F5BDD0-46D1-4EE5-BF7F-3B7EEFE56709}
		{10DC5DEC-5643-4FEE-89D5-47793D79BB6D} = {68F5BDD0-46D1-4EE5-BF7F-3B7EEFE56709}
		{995411E9-42F2-46C9-99D4-E2C00E6C2D9C} = {E4EB0BC3-342F-4FC7-A645-C44E90B134C7}
		{7F2E6165-8ED9-4CB7-A78E-CDEBB6AD0F6A} = {68F5BDD0-46D1-4EE5-BF7F-3B7EEFE56709}
		{BB009C9C-C4E5-468E-B275-A2DDB81EBE03} = {68F5BDD0-46D1-4EE5-BF7F-3B7EEFE56709}
	EndGlobalSection
	GlobalSection(ExtensibilityGlobals) = postSolution
		SolutionGuid = {459D7D1B-1604-4C57-B63D-A2E0ADD839BC}
	EndGlobalSection
EndGlobal
